
Microsoft Visual Studio Solution File, Format Version 12.00
# Visual Studio Version 16
VisualStudioVersion = 16.0.33214.272
MinimumVisualStudioVersion = 10.0.40219.1
Project("{888888A0-9F3D-457C-B088-3A5042F75D52}") = "GamblingMachine", "GamblingMachine\GamblingMachine.pyproj", "{44E9B0EC-BDCF-4D2B-B7A9-491838265DAE}"
EndProject
Global
	GlobalSection(SolutionConfigurationPlatforms) = preSolution
		Debug|Any CPU = Debug|Any CPU
		Release|Any CPU = Release|Any CPU
	EndGlobalSection
	GlobalSection(ProjectConfigurationPlatforms) = postSolution
		{44E9B0EC-BDCF-4D2B-B7A9-491838265DAE}.Debug|Any CPU.ActiveCfg = Debug|Any CPU
		{44E9B0EC-BDCF-4D2B-B7A9-491838265DAE}.Release|Any CPU.ActiveCfg = Release|Any CPU
	EndGlobalSection
	GlobalSection(SolutionProperties) = preSolution
		HideSolutionNode = FALSE
	EndGlobalSection
	GlobalSection(ExtensibilityGlobals) = postSolution
		SolutionGuid = {E4406D9B-E614-4C6B-ADD5-48472B860202}
	EndGlobalSection
EndGlobal
